{
  "name": "types",
  "version": "1.0.0",
  "lockfileVersion": 2,
  "requires": true,
  "packages": {
    "": {
      "name": "types",
      "version": "1.0.0",
      "license": "ISC",
      "dependencies": {
        "@types/abstract-leveldown": "^5.0.1",
        "@types/assert": "^1.5.2",
        "@types/cheerio": "^0.22.22",
        "@types/geojson": "^7946.0.7",
        "@types/leveldown": "^4.0.2",
        "@types/mariasql": "^0.1.30",
        "@types/mocha": "^7.0.2",
        "@types/mysql": "^2.15.15",
        "@types/node": "^14.14.7",
        "@types/node-expat": "^2.3.1",
        "@types/node-xlsx": "^0.15.1"
      },
      "devDependencies": {}
    },
    "node_modules/@types/abstract-leveldown": {
      "version": "5.0.2",
      "resolved": "https://registry.npmjs.org/@types/abstract-leveldown/-/abstract-leveldown-5.0.2.tgz",
      "integrity": "sha512-+jA1XXF3jsz+Z7FcuiNqgK53hTa/luglT2TyTpKPqoYbxVY+mCPF22Rm+q3KPBrMHJwNXFrTViHszBOfU4vftQ=="
    },
    "node_modules/@types/assert": {
      "version": "1.5.6",
      "resolved": "https://registry.npmjs.org/@types/assert/-/assert-1.5.6.tgz",
      "integrity": "sha512-Y7gDJiIqb9qKUHfBQYOWGngUpLORtirAVPuj/CWJrU2C6ZM4/y3XLwuwfGMF8s7QzW746LQZx23m0+1FSgjfug=="
    },
    "node_modules/@types/cheerio": {
      "version": "0.22.30",
      "resolved": "https://registry.npmjs.org/@types/cheerio/-/cheerio-0.22.30.tgz",
      "integrity": "sha512-t7ZVArWZlq3dFa9Yt33qFBQIK4CQd1Q3UJp0V+UhP6vgLWLM6Qug7vZuRSGXg45zXeB1Fm5X2vmBkEX58LV2Tw==",
      "dependencies": {
        "@types/node": "*"
      }
    },
    "node_modules/@types/geojson": {
      "version": "7946.0.8",
      "resolved": "https://registry.npmjs.org/@types/geojson/-/geojson-7946.0.8.tgz",
      "integrity": "sha512-1rkryxURpr6aWP7R786/UQOkJ3PcpQiWkAXBmdWc7ryFWqN6a4xfK7BtjXvFBKO9LjQ+MWQSWxYeZX1OApnArA=="
    },
    "node_modules/@types/leveldown": {
      "version": "4.0.3",
      "resolved": "https://registry.npmjs.org/@types/leveldown/-/leveldown-4.0.3.tgz",
      "integrity": "sha512-fzIXOuUCSZQKkRadWhURwu6mMYbfqi/nRDA+yBwz8kj7AK/L7L//u6A0MqSv0gsilzo7N/5+FlZOx8G6m03EVQ==",
      "dependencies": {
        "@types/abstract-leveldown": "*",
        "@types/node": "*"
      }
    },
    "node_modules/@types/mariasql": {
      "version": "0.1.31",
      "resolved": "https://registry.npmjs.org/@types/mariasql/-/mariasql-0.1.31.tgz",
      "integrity": "sha512-606X0gwAQ7fYXUtkWASIXxP9iPVhaebm7r/LX/pXYoiizuo8JkY2YPINwDgCRHlAvrGDZ8OcNKYsTOl3EzUunA=="
    },
    "node_modules/@types/mocha": {
      "version": "7.0.2",
      "resolved": "https://registry.npmjs.org/@types/mocha/-/mocha-7.0.2.tgz",
      "integrity": "sha512-ZvO2tAcjmMi8V/5Z3JsyofMe3hasRcaw88cto5etSVMwVQfeivGAlEYmaQgceUSVYFofVjT+ioHsATjdWcFt1w=="
    },
    "node_modules/@types/mysql": {
      "version": "2.15.19",
      "resolved": "https://registry.npmjs.org/@types/mysql/-/mysql-2.15.19.tgz",
      "integrity": "sha512-wSRg2QZv14CWcZXkgdvHbbV2ACufNy5EgI8mBBxnJIptchv7DBy/h53VMa2jDhyo0C9MO4iowE6z9vF8Ja1DkQ==",
      "dependencies": {
        "@types/node": "*"
      }
    },
    "node_modules/@types/node": {
      "version": "14.17.15",
      "resolved": "https://registry.npmjs.org/@types/node/-/node-14.17.15.tgz",
      "integrity": "sha512-D1sdW0EcSCmNdLKBGMYb38YsHUS6JcM7yQ6sLQ9KuZ35ck7LYCKE7kYFHOO59ayFOY3zobWVZxf4KXhYHcHYFA=="
    },
    "node_modules/@types/node-expat": {
      "version": "2.3.1",
      "resolved": "https://registry.npmjs.org/@types/node-expat/-/node-expat-2.3.1.tgz",
      "integrity": "sha512-taHnvkPPPp/fLtna4uqHyRnAd+yuBmKhOVP4cmHL6HRpATGF+yUGp/09bNPXAQKuBCS06PauJXEBkiXWqhmnqg==",
      "dependencies": {
        "@types/node": "*"
      }
    },
    "node_modules/@types/node-xlsx": {
      "version": "0.15.2",
      "resolved": "https://registry.npmjs.org/@types/node-xlsx/-/node-xlsx-0.15.2.tgz",
      "integrity": "sha512-rG1SmpWvSkse23rL/5bgej5yQ2y+WoWMrKE3iE4upuHWQwzdLCYEkrwr1pMZDx642R/tJCDGGUig7U/cT24Ecg=="
    }
  },
  "dependencies": {
    "@types/abstract-leveldown": {
      "version": "5.0.2",
      "resolved": "https://registry.npmjs.org/@types/abstract-leveldown/-/abstract-leveldown-5.0.2.tgz",
      "integrity": "sha512-+jA1XXF3jsz+Z7FcuiNqgK53hTa/luglT2TyTpKPqoYbxVY+mCPF22Rm+q3KPBrMHJwNXFrTViHszBOfU4vftQ=="
    },
    "@types/assert": {
      "version": "1.5.6",
      "resolved": "https://registry.npmjs.org/@types/assert/-/assert-1.5.6.tgz",
      "integrity": "sha512-Y7gDJiIqb9qKUHfBQYOWGngUpLORtirAVPuj/CWJrU2C6ZM4/y3XLwuwfGMF8s7QzW746LQZx23m0+1FSgjfug=="
    },
    "@types/cheerio": {
      "version": "0.22.30",
      "resolved": "https://registry.npmjs.org/@types/cheerio/-/cheerio-0.22.30.tgz",
      "integrity": "sha512-t7ZVArWZlq3dFa9Yt33qFBQIK4CQd1Q3UJp0V+UhP6vgLWLM6Qug7vZuRSGXg45zXeB1Fm5X2vmBkEX58LV2Tw==",
      "requires": {
        "@types/node": "*"
      }
    },
    "@types/geojson": {
      "version": "7946.0.8",
      "resolved": "https://registry.npmjs.org/@types/geojson/-/geojson-7946.0.8.tgz",
      "integrity": "sha512-1rkryxURpr6aWP7R786/UQOkJ3PcpQiWkAXBmdWc7ryFWqN6a4xfK7BtjXvFBKO9LjQ+MWQSWxYeZX1OApnArA=="
    },
    "@types/leveldown": {
      "version": "4.0.3",
      "resolved": "https://registry.npmjs.org/@types/leveldown/-/leveldown-4.0.3.tgz",
      "integrity": "sha512-fzIXOuUCSZQKkRadWhURwu6mMYbfqi/nRDA+yBwz8kj7AK/L7L//u6A0MqSv0gsilzo7N/5+FlZOx8G6m03EVQ==",
      "requires": {
        "@types/abstract-leveldown": "*",
        "@types/node": "*"
      }
    },
    "@types/mariasql": {
      "version": "0.1.31",
      "resolved": "https://registry.npmjs.org/@types/mariasql/-/mariasql-0.1.31.tgz",
      "integrity": "sha512-606X0gwAQ7fYXUtkWASIXxP9iPVhaebm7r/LX/pXYoiizuo8JkY2YPINwDgCRHlAvrGDZ8OcNKYsTOl3EzUunA=="
    },
    "@types/mocha": {
      "version": "7.0.2",
      "resolved": "https://registry.npmjs.org/@types/mocha/-/mocha-7.0.2.tgz",
      "integrity": "sha512-ZvO2tAcjmMi8V/5Z3JsyofMe3hasRcaw88cto5etSVMwVQfeivGAlEYmaQgceUSVYFofVjT+ioHsATjdWcFt1w=="
    },
    "@types/mysql": {
      "version": "2.15.19",
      "resolved": "https://registry.npmjs.org/@types/mysql/-/mysql-2.15.19.tgz",
      "integrity": "sha512-wSRg2QZv14CWcZXkgdvHbbV2ACufNy5EgI8mBBxnJIptchv7DBy/h53VMa2jDhyo0C9MO4iowE6z9vF8Ja1DkQ==",
      "requires": {
        "@types/node": "*"
      }
    },
    "@types/node": {
      "version": "14.17.15",
      "resolved": "https://registry.npmjs.org/@types/node/-/node-14.17.15.tgz",
      "integrity": "sha512-D1sdW0EcSCmNdLKBGMYb38YsHUS6JcM7yQ6sLQ9KuZ35ck7LYCKE7kYFHOO59ayFOY3zobWVZxf4KXhYHcHYFA=="
    },
    "@types/node-expat": {
      "version": "2.3.1",
      "resolved": "https://registry.npmjs.org/@types/node-expat/-/node-expat-2.3.1.tgz",
      "integrity": "sha512-taHnvkPPPp/fLtna4uqHyRnAd+yuBmKhOVP4cmHL6HRpATGF+yUGp/09bNPXAQKuBCS06PauJXEBkiXWqhmnqg==",
      "requires": {
        "@types/node": "*"
      }
    },
    "@types/node-xlsx": {
      "version": "0.15.2",
      "resolved": "https://registry.npmjs.org/@types/node-xlsx/-/node-xlsx-0.15.2.tgz",
      "integrity": "sha512-rG1SmpWvSkse23rL/5bgej5yQ2y+WoWMrKE3iE4upuHWQwzdLCYEkrwr1pMZDx642R/tJCDGGUig7U/cT24Ecg=="
    }
  }
}
